<?xml version="1.0" encoding="UTF-8" standalone="yes" ?>
<CodeBlocks_project_file>
	<FileVersion major="1" minor="6" />
	<Project>
		<Option title="client" />
		<Option pch_mode="2" />
		<Option default_target="patcher" />
		<Option compiler="gcc" />
		<Build>
			<Target title="client">
				<Option output="bin/Release/client" prefix_auto="1" extension_auto="1" />
				<Option object_output="obj/Release/" />
				<Option type="1" />
				<Option compiler="gcc" />
				<Compiler>
					<Add option="-O2" />
				</Compiler>
				<Linker>
					<Add option="-s" />
				</Linker>
			</Target>
			<Target title="patcher">
				<Option output="bin/Release/Patcher" prefix_auto="1" extension_auto="1" />
				<Option object_output="obj/Release/" />
				<Option type="1" />
				<Option compiler="gcc" />
			</Target>
		</Build>
		<VirtualTargets>
			<Add alias="all" targets="client;patcher;" />
		</VirtualTargets>
		<Compiler>
			<Add option="-std=c++11" />
			<Add option="-Wall" />
			<Add directory="C:/Documents and Settings/aaa/Mes documents/Téléchargements/win_flex_bison-2.5.1" />
			<Add directory="../../harpe-client/include" />
			<Add directory="../../../libmgf/include" />
			<Add directory="../../../libmgf/src" />
			<Add directory="../../../libharpe-algo/include" />
			<Add directory="../../../cpp-utils/src" />
			<Add directory="../../../cpp-utils/include" />
			<Add directory="../../../cpp-Socket/include" />
			<Add directory="../../../monitoring/include" />
			<Add directory="../../../Patcher-client/Patcher/include" />
			<Add directory="C:/Qt/Qt5.2.1/5.2.1/mingw48_32/include/QtCore" />
			<Add directory="C:/Qt/Qt5.2.1/5.2.1/mingw48_32/include/QtGui" />
			<Add directory="C:/Qt/Qt5.2.1/5.2.1/mingw48_32/include/QtScript" />
			<Add directory="C:/Qt/Qt5.2.1/5.2.1/mingw48_32/include/QtNetwork" />
			<Add directory="C:/Qt/Qt5.2.1/5.2.1/mingw48_32/include/QtWidgets" />
			<Add directory="C:/Qt/Qt5.2.1/5.2.1/mingw48_32/include" />
		</Compiler>
		<Linker>
			<Add option="-lpsapi" />
			<Add option="-lwinpthread-1" />
			<Add option="-lws2_32" />
			<Add option="-lpdh" />
			<Add option="-lkernel32" />
			<Add option="-lQt5Core" />
			<Add option="-lQt5Widgets" />
			<Add option="-lQt5Gui" />
			<Add option="-lQt5Network" />
			<Add option="-lQt5Script" />
			<Add directory="C:/WINDOWS/system32" />
			<Add directory="C:/Qt/Qt5.2.1/5.2.1/mingw48_32/bin" />
		</Linker>
		<Unit filename="../../../Patcher-client/Patcher/include/patcher/Config.hpp" />
		<Unit filename="../../../Patcher-client/Patcher/include/patcher/Log.hpp" />
		<Unit filename="../../../Patcher-client/Patcher/include/patcher/Maj.hpp" />
		<Unit filename="../../../Patcher-client/Patcher/include/patcher/Patcher.hpp" />
		<Unit filename="../../../Patcher-client/Patcher/include/patcher/WebConnection.hpp" />
		<Unit filename="../../../Patcher-client/Patcher/include/patcher/defines.hpp" />
		<Unit filename="../../../Patcher-client/Patcher/src/patcher/Config.cpp" />
		<Unit filename="../../../Patcher-client/Patcher/src/patcher/Log.cpp" />
		<Unit filename="../../../Patcher-client/Patcher/src/patcher/Maj.cpp" />
		<Unit filename="../../../Patcher-client/Patcher/src/patcher/Patcher.cpp" />
		<Unit filename="../../../Patcher-client/Patcher/src/patcher/Patcher_moc.cpp" />
		<Unit filename="../../../Patcher-client/Patcher/src/patcher/WebConnection.cpp" />
		<Unit filename="../../../cpp-Socket/include/Socket/BalancingSelector.hpp" />
		<Unit filename="../../../cpp-Socket/include/Socket/FuncWrapper.hpp" />
		<Unit filename="../../../cpp-Socket/include/Socket/SelectManager.hpp" />
		<Unit filename="../../../cpp-Socket/include/Socket/Serializer.hpp" />
		<Unit filename="../../../cpp-Socket/include/Socket/Socket.hpp" />
		<Unit filename="../../../cpp-Socket/include/Socket/SocketSerialized.hpp" />
		<Unit filename="../../../cpp-Socket/include/Socket/Status.hpp" />
		<Unit filename="../../../cpp-Socket/include/Socket/client/Client.hpp" />
		<Unit filename="../../../cpp-Socket/include/Socket/define.hpp" />
		<Unit filename="../../../cpp-Socket/include/Socket/server/Client.hpp" />
		<Unit filename="../../../cpp-Socket/include/Socket/server/Server.hpp" />
		<Unit filename="../../../cpp-Socket/src/Socket/BalancingSelector.cpp" />
		<Unit filename="../../../cpp-Socket/src/Socket/FuncWrapper.cpp" />
		<Unit filename="../../../cpp-Socket/src/Socket/SelectManager.cpp" />
		<Unit filename="../../../cpp-Socket/src/Socket/Serializer.cpp" />
		<Unit filename="../../../cpp-Socket/src/Socket/Socket.cpp" />
		<Unit filename="../../../cpp-Socket/src/Socket/SocketSerialized.cpp" />
		<Unit filename="../../../cpp-Socket/src/Socket/Status.cpp" />
		<Unit filename="../../../cpp-Socket/src/Socket/client/Client.cpp" />
		<Unit filename="../../../cpp-Socket/src/Socket/server/Client.cpp" />
		<Unit filename="../../../cpp-Socket/src/Socket/server/Server.cpp" />
		<Unit filename="../../../cpp-utils/include/utils/functional.hpp" />
		<Unit filename="../../../cpp-utils/include/utils/functional.tpl" />
		<Unit filename="../../../cpp-utils/include/utils/json.hpp" />
		<Unit filename="../../../cpp-utils/include/utils/json/Array.hpp" />
		<Unit filename="../../../cpp-utils/include/utils/json/Driver.hpp" />
		<Unit filename="../../../cpp-utils/include/utils/json/FlexLexer.hpp" />
		<Unit filename="../../../cpp-utils/include/utils/json/Object.hpp" />
		<Unit filename="../../../cpp-utils/include/utils/json/Scanner.hpp" />
		<Unit filename="../../../cpp-utils/include/utils/json/Value.hpp" />
		<Unit filename="../../../cpp-utils/include/utils/log.hpp" />
		<Unit filename="../../../cpp-utils/include/utils/log.tpl" />
		<Unit filename="../../../cpp-utils/include/utils/maths.hpp" />
		<Unit filename="../../../cpp-utils/include/utils/maths.tpl" />
		<Unit filename="../../../cpp-utils/include/utils/plot.hpp" />
		<Unit filename="../../../cpp-utils/include/utils/plot.tpl" />
		<Unit filename="../../../cpp-utils/include/utils/string.hpp" />
		<Unit filename="../../../cpp-utils/include/utils/string.tpl" />
		<Unit filename="../../../cpp-utils/include/utils/sys.hpp" />
		<Unit filename="../../../cpp-utils/include/utils/sys.tpl" />
		<Unit filename="../../../cpp-utils/include/utils/thread.hpp" />
		<Unit filename="../../../cpp-utils/include/utils/thread.tpl" />
		<Unit filename="../../../cpp-utils/include/utils/tr.hpp" />
		<Unit filename="../../../cpp-utils/src/utils/functional.cpp" />
		<Unit filename="../../../cpp-utils/src/utils/json/Array.cpp" />
		<Unit filename="../../../cpp-utils/src/utils/json/Driver.cpp" />
		<Unit filename="../../../cpp-utils/src/utils/json/Lexer.cpp" />
		<Unit filename="../../../cpp-utils/src/utils/json/Object.cpp" />
		<Unit filename="../../../cpp-utils/src/utils/json/Parser.cpp" />
		<Unit filename="../../../cpp-utils/src/utils/json/Parser.hpp" />
		<Unit filename="../../../cpp-utils/src/utils/json/Scanner.cpp" />
		<Unit filename="../../../cpp-utils/src/utils/json/Value.cpp" />
		<Unit filename="../../../cpp-utils/src/utils/json/stack.hh" />
		<Unit filename="../../../cpp-utils/src/utils/log.cpp" />
		<Unit filename="../../../cpp-utils/src/utils/plot.cpp" />
		<Unit filename="../../../cpp-utils/src/utils/string.cpp" />
		<Unit filename="../../../cpp-utils/src/utils/sys.cpp" />
		<Unit filename="../../../cpp-utils/src/utils/thread.cpp" />
		<Unit filename="../../../libharpe-algo/include/harpe-algo/AA.hpp" />
		<Unit filename="../../../libharpe-algo/include/harpe-algo/AATab.hpp" />
		<Unit filename="../../../libharpe-algo/include/harpe-algo/Analyser.hpp" />
		<Unit filename="../../../libharpe-algo/include/harpe-algo/Context.hpp" />
		<Unit filename="../../../libharpe-algo/include/harpe-algo/Sequence.hpp" />
		<Unit filename="../../../libharpe-algo/include/harpe-algo/SequenceToken.hpp" />
		<Unit filename="../../../libharpe-algo/include/harpe-algo/defines.hpp" />
		<Unit filename="../../../libharpe-algo/src/harpe-algo/AA.cpp" />
		<Unit filename="../../../libharpe-algo/src/harpe-algo/AATab.cpp" />
		<Unit filename="../../../libharpe-algo/src/harpe-algo/Analyser.cpp" />
		<Unit filename="../../../libharpe-algo/src/harpe-algo/Context.cpp" />
		<Unit filename="../../../libharpe-algo/src/harpe-algo/Sequence.cpp" />
		<Unit filename="../../../libharpe-algo/src/harpe-algo/SequenceToken.cpp" />
		<Unit filename="../../../libmgf/include/mgf/Analyse.hpp" />
		<Unit filename="../../../libmgf/include/mgf/Convert.hpp" />
		<Unit filename="../../../libmgf/include/mgf/Driver.hpp" />
		<Unit filename="../../../libmgf/include/mgf/FlexLexer.hpp" />
		<Unit filename="../../../libmgf/include/mgf/GlobalHeader.hpp" />
		<Unit filename="../../../libmgf/include/mgf/LocalHeader.hpp" />
		<Unit filename="../../../libmgf/include/mgf/Peak.hpp" />
		<Unit filename="../../../libmgf/include/mgf/Scanner.hpp" />
		<Unit filename="../../../libmgf/include/mgf/Spectrum.hpp" />
		<Unit filename="../../../libmgf/include/mgf/defines.hpp" />
		<Unit filename="../../../libmgf/include/mgf/stdfx.hpp" />
		<Unit filename="../../../libmgf/src/mgf/Analyse.cpp" />
		<Unit filename="../../../libmgf/src/mgf/Convert.cpp" />
		<Unit filename="../../../libmgf/src/mgf/Driver.cpp" />
		<Unit filename="../../../libmgf/src/mgf/GlobalHeader.cpp" />
		<Unit filename="../../../libmgf/src/mgf/Lexer.cpp" />
		<Unit filename="../../../libmgf/src/mgf/Lexer.lex" />
		<Unit filename="../../../libmgf/src/mgf/LocalHeader.cpp" />
		<Unit filename="../../../libmgf/src/mgf/Parser.cpp" />
		<Unit filename="../../../libmgf/src/mgf/Parser.hpp" />
		<Unit filename="../../../libmgf/src/mgf/Parser.yy" />
		<Unit filename="../../../libmgf/src/mgf/Peak.cpp" />
		<Unit filename="../../../libmgf/src/mgf/Scanner.cpp" />
		<Unit filename="../../../libmgf/src/mgf/Spectrum.cpp" />
		<Unit filename="../../../libmgf/src/mgf/stack.hh" />
		<Unit filename="../../../monitoring/include/Monitoring/Cpu.hpp" />
		<Unit filename="../../../monitoring/include/Monitoring/Physical.hpp" />
		<Unit filename="../../../monitoring/include/Monitoring/Virtual.hpp" />
		<Unit filename="../../../monitoring/include/Monitoring/sys.hpp" />
		<Unit filename="../../../monitoring/src/Monitoring/Cpu.cpp" />
		<Unit filename="../../../monitoring/src/Monitoring/Physical.cpp" />
		<Unit filename="../../../monitoring/src/Monitoring/Virtual.cpp" />
		<Unit filename="../../../monitoring/src/Monitoring/sys.cpp" />
		<Unit filename="../../harpe-client/include/harpe-client/defines.hpp" />
		<Unit filename="../../harpe-client/include/harpe-client/functions.hpp" />
		<Unit filename="../../harpe-client/include/harpe-client/models.hpp" />
		<Unit filename="../../harpe-client/src/harpe-client/functions.cpp" />
		<Unit filename="../../harpe-client/src/harpe-client/main.cpp">
			<Option target="client" />
		</Unit>
		<Unit filename="../../harpe-client/src/harpe-client/models.cpp" />
		<Unit filename="../../harpe-client/src/harpe-client/patcher.cpp">
			<Option target="patcher" />
		</Unit>
		<Extensions>
			<code_completion />
			<envvars />
			<debugger />
			<lib_finder disable_auto="1" />
		</Extensions>
	</Project>
</CodeBlocks_project_file>
